
Microsoft Visual Studio Solution File, Format Version 12.00
# Visual Studio Version 17
VisualStudioVersion = 17.14.36310.24 d17.14
MinimumVisualStudioVersion = 10.0.40219.1
Project("{FAE04EC0-301F-11D3-BF4B-00C04F79EFBC}") = "NonTransitiveDiceGame", "NonTransitiveDiceGame.csproj", "{91F2D237-1051-45D2-B6B0-27A4E55A166A}"
EndProject
Global
	GlobalSection(SolutionConfigurationPlatforms) = preSolution
		Debug|Any CPU = Debug|Any CPU
		Release|Any CPU = Release|Any CPU
	EndGlobalSection
	GlobalSection(ProjectConfigurationPlatforms) = postSolution
		{91F2D237-1051-45D2-B6B0-27A4E55A166A}.Debug|Any CPU.ActiveCfg = Debug|Any CPU
		{91F2D237-1051-45D2-B6B0-27A4E55A166A}.Debug|Any CPU.Build.0 = Debug|Any CPU
		{91F2D237-1051-45D2-B6B0-27A4E55A166A}.Release|Any CPU.ActiveCfg = Release|Any CPU
		{91F2D237-1051-45D2-B6B0-27A4E55A166A}.Release|Any CPU.Build.0 = Release|Any CPU
	EndGlobalSection
	GlobalSection(SolutionProperties) = preSolution
		HideSolutionNode = FALSE
	EndGlobalSection
	GlobalSection(ExtensibilityGlobals) = postSolution
		SolutionGuid = {D6EE8430-45EF-400A-965E-F1B6E61686E3}
	EndGlobalSection
EndGlobal
